
Microsoft Visual Studio Solution File, Format Version 12.00
# Visual Studio Version 16
VisualStudioVersion = 16.0.29424.173
MinimumVisualStudioVersion = 10.0.40219.1
Project("{FAE04EC0-301F-11D3-BF4B-00C04F79EFBC}") = "ComplexDynamicImApp", "ComplexDynamicImApp\ComplexDynamicImApp.csproj", "{66561457-8809-4D75-A416-D77169AFE3E3}"
EndProject
Global
	GlobalSection(SolutionConfigurationPlatforms) = preSolution
		Debug|Any CPU = Debug|Any CPU
		Release|Any CPU = Release|Any CPU
	EndGlobalSection
	GlobalSection(ProjectConfigurationPlatforms) = postSolution
		{66561457-8809-4D75-A416-D77169AFE3E3}.Debug|Any CPU.ActiveCfg = Debug|Any CPU
		{66561457-8809-4D75-A416-D77169AFE3E3}.Debug|Any CPU.Build.0 = Debug|Any CPU
		{66561457-8809-4D75-A416-D77169AFE3E3}.Release|Any CPU.ActiveCfg = Release|Any CPU
		{66561457-8809-4D75-A416-D77169AFE3E3}.Release|Any CPU.Build.0 = Release|Any CPU
	EndGlobalSection
	GlobalSection(SolutionProperties) = preSolution
		HideSolutionNode = FALSE
	EndGlobalSection
	GlobalSection(ExtensibilityGlobals) = postSolution
		SolutionGuid = {7C2B1E4C-0CED-4EB5-BAA4-CB03E0D10BB7}
	EndGlobalSection
EndGlobal
